# THIS IS AN AUTOGENERATED FILE. DO NOT EDIT THIS FILE DIRECTLY.
# yarn lockfile v1


async@^2.6.2:
  version "2.6.4"
  resolved "https://registry.yarnpkg.com/async/-/async-2.6.4.tgz#706b7ff6084664cd7eae713f6f965433b5504221"
  integrity sha512-mzo5dfJYwAn29PeiJ0zvwTo04zj8HDJj0Mn8TD7sno7q12prdbnasKJHhkm2c1LgrhlJ0teaea8860oxi51mGA==
  dependencies:
    lodash "^4.17.14"

debug@^3.1.1:
  version "3.2.7"
  resolved "https://registry.yarnpkg.com/debug/-/debug-3.2.7.tgz#72580b7e9145fb39b6676f9c5e5fb100b934179a"
  integrity sha512-CFjzYYAi4ThfiQvizrFQevTTXHtnCqWfe7x1AhgEscTz6ZbLbfoLRLPugTQyBth6f8ZERVUSyWHFD/7Wu4t1XQ==
  dependencies:
    ms "^2.1.1"

esbuild-android-64@0.14.37:
  version "0.14.37"
  resolved "https://registry.yarnpkg.com/esbuild-android-64/-/esbuild-android-64-0.14.37.tgz#da0dd1f4bf7ee03ba3cc7f735222a12cef9d3e94"
  integrity sha512-Jb61ihbS3iSj3+PhURe7sEuBg4h16CeT4CiT3W4Aop6rr5p/N6IvNXNWFX0gzUaRWtGoAFfCXFBEIn6zWUU3hQ==

esbuild-android-arm64@0.14.37:
  version "0.14.37"
  resolved "https://registry.yarnpkg.com/esbuild-android-arm64/-/esbuild-android-arm64-0.14.37.tgz#b9502b0ccecf5e6cb7aa75a1607cae516580f6f8"
  integrity sha512-wwcI+EUHWe1LlxBE7vjdqZ53DEiCllD6XsYOIiGxzL8KaG7eOLXNS7tNhdK0QIR4wwMNTPLDB40ZKuAXZ8zv6Q==

esbuild-darwin-64@0.14.37:
  version "0.14.37"
  resolved "https://registry.yarnpkg.com/esbuild-darwin-64/-/esbuild-darwin-64-0.14.37.tgz#4ef30c559fa4281790575bd029a3d0f56fa56aa4"
  integrity sha512-gg/UZ/FZrRzPq+tAOiMwyBoa6eNxX6bcjuivZ8v2Tny83RhIyeDhvC84dgVcPinqK39u8pOYw6a7nffotUrjKQ==

esbuild-darwin-arm64@0.14.37:
  version "0.14.37"
  resolved "https://registry.yarnpkg.com/esbuild-darwin-arm64/-/esbuild-darwin-arm64-0.14.37.tgz#2d4ffb4f0e65567290b69c4e9a0f7b4a8d4ec5ce"
  integrity sha512-eFwy5il5yvIHAVau97kWoNYfxuCd1X7hfgKc4Ns5ymlYXhyRzRywwJfknHax5rDyZxfDXtnFaT/nftUiYwsHIQ==

esbuild-freebsd-64@0.14.37:
  version "0.14.37"
  resolved "https://registry.yarnpkg.com/esbuild-freebsd-64/-/esbuild-freebsd-64-0.14.37.tgz#e70c6f3c600fa52faf135aeeb6a5e6bfd90dd8dc"
  integrity sha512-4iFbdmohve6wyPwsVPe/1j5rVwg5uPTopmgIUiJBbnPKMmo8NecUSbz3HwddsDHLrvGoIs5aOiETPWo9rg3wyg==

esbuild-freebsd-arm64@0.14.37:
  version "0.14.37"
  resolved "https://registry.yarnpkg.com/esbuild-freebsd-arm64/-/esbuild-freebsd-arm64-0.14.37.tgz#2379edb519847d2bb1703033ffe9fb6a4627bfc5"
  integrity sha512-MGmZ9akBdqcIH7FcWhUrVTmTW18Xz/EVrvBcV6BHSFDQci0YnOhPAGCrV54t1JNG/5poHNBnaG3R2zNxnmJT5Q==

esbuild-linux-32@0.14.37:
  version "0.14.37"
  resolved "https://registry.yarnpkg.com/esbuild-linux-32/-/esbuild-linux-32-0.14.37.tgz#727907c90b1863a908cadfa56261005663f47ee5"
  integrity sha512-UCyQrn3n3dHXHDQTPO3gWxfoqtEpGObBdAgevuUtw0//TSyNftnaLcQYyBiGC6J85sM8f/c+Minz5jUFOKrmOA==

esbuild-linux-64@0.14.37:
  version "0.14.37"
  resolved "https://registry.yarnpkg.com/esbuild-linux-64/-/esbuild-linux-64-0.14.37.tgz#068deed6b0bf09f6f7eaad371cadde4085945ca7"
  integrity sha512-UURL6k1Ffr6K4faFgdP6lKVvMKYwq8JmAh+odCukzIWN4EpjIzgmhBUzyFVU+VQLh1+K3tlE1SPJ057PNpayUQ==

esbuild-linux-arm64@0.14.37:
  version "0.14.37"
  resolved "https://registry.yarnpkg.com/esbuild-linux-arm64/-/esbuild-linux-arm64-0.14.37.tgz#f433ae4902003d8b499c05ab3b48b99a6e79c8f6"
  integrity sha512-vDHyuFsDpz6nquJO7CAxU2CBj+PB+BJhGawzBrHtcM249fXK4GfVNVArgWFKkSGMZW1ZpKSeef7FeOvM6juhPg==

esbuild-linux-arm@0.14.37:
  version "0.14.37"
  resolved "https://registry.yarnpkg.com/esbuild-linux-arm/-/esbuild-linux-arm-0.14.37.tgz#7789d3fc96c2edc2ebf96cc0fadc3708668de399"
  integrity sha512-SgWcdAivyK2z2kcYAGwLTBSTECXXj/lC0S/BiayyHLYJHA6C3aEGexB6ZDMgffj4Quy/l3Tyr9ktZh8bgcmJrA==

esbuild-linux-mips64le@0.14.37:
  version "0.14.37"
  resolved "https://registry.yarnpkg.com/esbuild-linux-mips64le/-/esbuild-linux-mips64le-0.14.37.tgz#7f100a9b0ea6d60bd1585bdd75d5d7d3ea432bf4"
  integrity sha512-azRAGYGKg3dxbYE7C+L35/2Oyg1RCuXvT3Z8M76JZF2N1ZNEA9g01zbuw3GtXWLyI6mhhoHxQL0H1SQUL0At1w==

esbuild-linux-ppc64le@0.14.37:
  version "0.14.37"
  resolved "https://registry.yarnpkg.com/esbuild-linux-ppc64le/-/esbuild-linux-ppc64le-0.14.37.tgz#11d839accb1b97398959c9c64644aed2a7757f5e"
  integrity sha512-SyNitGH/h7Hti7A+a5rkRDHhjra1TM1JnJJymRndOzw5Vd+AkWpoSQxxTfvmRw62g42zoeHBgcyrvGfT053l5w==

esbuild-linux-riscv64@0.14.37:
  version "0.14.37"
  resolved "https://registry.yarnpkg.com/esbuild-linux-riscv64/-/esbuild-linux-riscv64-0.14.37.tgz#467cdea5fbd3c26bd7a342bfaf07b131be6738af"
  integrity sha512-IgEwVXYGC3HpCmZ1nl+vZw1h72i9WEf4mx+JBZ1s+Z0QVGww/8LI6oYZVboPtr7Lok1gKdg5tUZdFukGn5Fr/A==

esbuild-linux-s390x@0.14.37:
  version "0.14.37"
  resolved "https://registry.yarnpkg.com/esbuild-linux-s390x/-/esbuild-linux-s390x-0.14.37.tgz#e4fcb6cabf13baa2f8699f30c9668b9383945ee4"
  integrity sha512-X105T1x7PV9pZ/rDpOeNiTWGBd1A0BGUbi6hK9BW7X8IxzQZNwAsaahLOlAFf+OKezoSQrhHfNdBwIu9UZMmtw==

esbuild-netbsd-64@0.14.37:
  version "0.14.37"
  resolved "https://registry.yarnpkg.com/esbuild-netbsd-64/-/esbuild-netbsd-64-0.14.37.tgz#ec06cfbec53fd5331fecfcc11d752b8aff840c53"
  integrity sha512-93mHLGTTFWAemDNGxlx0RJyNQ4E2OnnUGNHpNhKu/zzYw/Imf6dWGB6h7e9axtce8yOg5rOnx8BMhRu0NwQnKA==

esbuild-openbsd-64@0.14.37:
  version "0.14.37"
  resolved "https://registry.yarnpkg.com/esbuild-openbsd-64/-/esbuild-openbsd-64-0.14.37.tgz#4c8f6640a2a961ad28e74638731512f204be2a3a"
  integrity sha512-jdhv2koRbF69artwD4aaSS72b+syfcdVHKs1SqjyfPvi/MsL7OC+jWGOSCZ329RmnECAwCOaL4dO7ZaJiLLj3Q==

esbuild-sunos-64@0.14.37:
  version "0.14.37"
  resolved "https://registry.yarnpkg.com/esbuild-sunos-64/-/esbuild-sunos-64-0.14.37.tgz#c529c3838c0a8c797b2cf94bb6b8edf761cdc126"
  integrity sha512-YvQsr++g0ZBHJUjPeR1Ui81eFcZTH5qJp8s5GP8jur0BwBM+2wCTNutXSh/ZKYp+4ejOo54PFTy3tGo36q7D6g==

esbuild-windows-32@0.14.37:
  version "0.14.37"
  resolved "https://registry.yarnpkg.com/esbuild-windows-32/-/esbuild-windows-32-0.14.37.tgz#719e02307545bda14b3b74cf2652884c5ea42725"
  integrity sha512-aQlHyME09dWo2FVAniTXLurr/xYZre5bJrnW8yALPUu09ExCC7LzlFQFoJuuSyCdMDHcxYLc6HcrJLwRdR3b/Q==

esbuild-windows-64@0.14.37:
  version "0.14.37"
  resolved "https://registry.yarnpkg.com/esbuild-windows-64/-/esbuild-windows-64-0.14.37.tgz#a1481bda1e9d963b6c4fed37d5f6dbe483b1035b"
  integrity sha512-4mJjpS71AV4rj5PXrOn19uQwiASiyziJwyZT+qQ3M/hc/fIWS2Pgv5gbgytC1O8jptMB6NIpgrauCw56lKgckA==

esbuild-windows-arm64@0.14.37:
  version "0.14.37"
  resolved "https://registry.yarnpkg.com/esbuild-windows-arm64/-/esbuild-windows-arm64-0.14.37.tgz#eb1b1b848dcedf0b57fdf207df9879fe3aaaf3cd"
  integrity sha512-wQy+sAKD7/d6vDrgH+i+ZdbRLVHGG5BjBpBRStvGgLiuIo46/QEQCaHbBy2LOtXu/o1JYchxilzeQ+ExZdYkeA==

esbuild@^0.14.27:
  version "0.14.37"
  resolved "https://registry.yarnpkg.com/esbuild/-/esbuild-0.14.37.tgz#24a73ed0ded0b582dd184101427df94897e88fac"
  integrity sha512-sPlTpEkjzgFjWjYdve5xM1A3fpKXWNc+0yh0u9tqdER992OEpvde1c/+5rbRFsaSEEjQM9qXRcYn3EvNwgLF9w==
  optionalDependencies:
    esbuild-android-64 "0.14.37"
    esbuild-android-arm64 "0.14.37"
    esbuild-darwin-64 "0.14.37"
    esbuild-darwin-arm64 "0.14.37"
    esbuild-freebsd-64 "0.14.37"
    esbuild-freebsd-arm64 "0.14.37"
    esbuild-linux-32 "0.14.37"
    esbuild-linux-64 "0.14.37"
    esbuild-linux-arm "0.14.37"
    esbuild-linux-arm64 "0.14.37"
    esbuild-linux-mips64le "0.14.37"
    esbuild-linux-ppc64le "0.14.37"
    esbuild-linux-riscv64 "0.14.37"
    esbuild-linux-s390x "0.14.37"
    esbuild-netbsd-64 "0.14.37"
    esbuild-openbsd-64 "0.14.37"
    esbuild-sunos-64 "0.14.37"
    esbuild-windows-32 "0.14.37"
    esbuild-windows-64 "0.14.37"
    esbuild-windows-arm64 "0.14.37"

fsevents@~2.3.2:
  version "2.3.2"
  resolved "https://registry.yarnpkg.com/fsevents/-/fsevents-2.3.2.tgz#8a526f78b8fdf4623b709e0b975c52c24c02fd1a"
  integrity sha512-xiqMQR4xAeHTuB9uWm+fFRcIOgKBMiOBP+eXiyT7jsgVCq1bkVygt00oASowB7EdtpOHaaPgKt812P9ab+DDKA==

function-bind@^1.1.1:
  version "1.1.1"
  resolved "https://registry.yarnpkg.com/function-bind/-/function-bind-1.1.1.tgz#a56899d3ea3c9bab874bb9773b7c5ede92f4895d"
  integrity sha512-yIovAzMX49sF8Yl58fSCWJ5svSLuaibPxXQJFLmBObTuCr0Mf1KiPopGM9NiFjiYBCbfaa2Fh6breQ6ANVTI0A==

has@^1.0.3:
  version "1.0.3"
  resolved "https://registry.yarnpkg.com/has/-/has-1.0.3.tgz#722d7cbfc1f6aa8241f16dd814e011e1f41e8796"
  integrity sha512-f2dvO0VU6Oej7RkWJGrehjbzMAjFp5/VKPp5tTpWIV4JHHZK1/BxbFRtf/siA2SWTe09caDmVtYYzWEIbBS4zw==
  dependencies:
    function-bind "^1.1.1"

is-core-module@^2.8.1:
  version "2.9.0"
  resolved "https://registry.yarnpkg.com/is-core-module/-/is-core-module-2.9.0.tgz#e1c34429cd51c6dd9e09e0799e396e27b19a9c69"
  integrity sha512-+5FPy5PnwmO3lvfMb0AsoPaBG+5KHUI0wYFXOtYPnVVVspTFUuMZNfNaNVRt3FZadstu2c8x23vykRW/NBoU6A==
  dependencies:
    has "^1.0.3"

lil-gui@^0.11.0:
  version "0.11.0"
  resolved "https://registry.yarnpkg.com/lil-gui/-/lil-gui-0.11.0.tgz#bfc0850cc9162b83302e7543ab4fb013c8769f64"
  integrity sha512-TkId0NddawLwXxXiV6a+q2CUP4g+mARYEFARmNvicEr0kQqIKiIbNVZI4ifLSqw3GAhcRy+rvCJHXjoyYsYbAw==

lodash@^4.17.14:
  version "4.17.21"
  resolved "https://registry.yarnpkg.com/lodash/-/lodash-4.17.21.tgz#679591c564c3bffaae8454cf0b3df370c3d6911c"
  integrity sha512-v2kDEe57lecTulaDIuNTPy3Ry4gLGJ6Z1O3vE1krgXZNrsQ+LFTGHVxVjcXPs17LhbZVGedAJv8XZ1tvj5FvSg==

minimist@^1.2.0, minimist@^1.2.6:
  version "1.2.6"
  resolved "https://registry.yarnpkg.com/minimist/-/minimist-1.2.6.tgz#8637a5b759ea0d6e98702cfb3a9283323c93af44"
  integrity sha512-Jsjnk4bw3YJqYzbdyBiNsPWHPfO++UGG749Cxs6peCu5Xg4nrena6OVxOYxrQTqww0Jmwt+Ref8rggumkTLz9Q==

mkdirp@^0.5.5:
  version "0.5.6"
  resolved "https://registry.yarnpkg.com/mkdirp/-/mkdirp-0.5.6.tgz#7def03d2432dcae4ba1d611445c48396062255f6"
  integrity sha512-FP+p8RB8OWpF3YZBCrP5gtADmtXApB5AMLn+vdyA+PyxCjrCs00mjyUozssO33cwDeT3wNGdLxJ5M//YqtHAJw==
  dependencies:
    minimist "^1.2.6"

ms@^2.1.1:
  version "2.1.3"
  resolved "https://registry.yarnpkg.com/ms/-/ms-2.1.3.tgz#574c8138ce1d2b5861f0b44579dbadd60c6615b2"
  integrity sha512-6FlzubTLZG3J2a/NVCAleEhjzq5oxgHyaCU9yYXvcLsvoVaHJq/s5xXI6/XXP6tz7R9xAOtHnSO/tXtF3WRTlA==

nanoid@^3.3.1:
  version "3.3.3"
  resolved "https://registry.yarnpkg.com/nanoid/-/nanoid-3.3.3.tgz#fd8e8b7aa761fe807dba2d1b98fb7241bb724a25"
  integrity sha512-p1sjXuopFs0xg+fPASzQ28agW1oHD7xDsd9Xkf3T15H3c/cifrFHVwrh74PdoklAPi+i7MdRsE47vm2r6JoB+w==

path-parse@^1.0.7:
  version "1.0.7"
  resolved "https://registry.yarnpkg.com/path-parse/-/path-parse-1.0.7.tgz#fbc114b60ca42b30d9daf5858e4bd68bbedb6735"
  integrity sha512-LDJzPVEEEPR+y48z93A0Ed0yXb8pAByGWo/k5YYdYgpY2/2EsOsksJrq7lOHxryrVOn1ejG6oAp8ahvOIQD8sw==

picocolors@^1.0.0:
  version "1.0.0"
  resolved "https://registry.yarnpkg.com/picocolors/-/picocolors-1.0.0.tgz#cb5bdc74ff3f51892236eaf79d68bc44564ab81c"
  integrity sha512-1fygroTLlHu66zi26VoTDv8yRgm0Fccecssto+MhsZ0D/DGW2sm8E8AjW7NU5VVTRt5GxbeZ5qBuJr+HyLYkjQ==

portfinder-sync@0.0.2:
  version "0.0.2"
  resolved "https://registry.yarnpkg.com/portfinder-sync/-/portfinder-sync-0.0.2.tgz#6e3409a73a718436de053ac949385350caabd8a2"
  integrity sha1-bjQJpzpxhDbeBTrJSThTUMqr2KI=
  dependencies:
    minimist "^1.2.0"
    portfinder "^1.0.10"

portfinder@^1.0.10:
  version "1.0.28"
  resolved "https://registry.yarnpkg.com/portfinder/-/portfinder-1.0.28.tgz#67c4622852bd5374dd1dd900f779f53462fac778"
  integrity sha512-Se+2isanIcEqf2XMHjyUKskczxbPH7dQnlMjXX6+dybayyHvAf/TCgyMRlzf/B6QDhAEFOGes0pzRo3by4AbMA==
  dependencies:
    async "^2.6.2"
    debug "^3.1.1"
    mkdirp "^0.5.5"

postcss@^8.4.12:
  version "8.4.12"
  resolved "https://registry.yarnpkg.com/postcss/-/postcss-8.4.12.tgz#1e7de78733b28970fa4743f7da6f3763648b1905"
  integrity sha512-lg6eITwYe9v6Hr5CncVbK70SoioNQIq81nsaG86ev5hAidQvmOeETBqs7jm43K2F5/Ley3ytDtriImV6TpNiSg==
  dependencies:
    nanoid "^3.3.1"
    picocolors "^1.0.0"
    source-map-js "^1.0.2"

resolve@^1.22.0:
  version "1.22.0"
  resolved "https://registry.yarnpkg.com/resolve/-/resolve-1.22.0.tgz#5e0b8c67c15df57a89bdbabe603a002f21731198"
  integrity sha512-Hhtrw0nLeSrFQ7phPp4OOcVjLPIeMnRlr5mcnVuMe7M/7eBn98A3hmFRLoFo3DLZkivSYwhRUJTyPyWAk56WLw==
  dependencies:
    is-core-module "^2.8.1"
    path-parse "^1.0.7"
    supports-preserve-symlinks-flag "^1.0.0"

rollup@^2.59.0:
  version "2.70.2"
  resolved "https://registry.yarnpkg.com/rollup/-/rollup-2.70.2.tgz#808d206a8851628a065097b7ba2053bd83ba0c0d"
  integrity sha512-EitogNZnfku65I1DD5Mxe8JYRUCy0hkK5X84IlDtUs+O6JRMpRciXTzyCUuX11b5L5pvjH+OmFXiQ3XjabcXgg==
  optionalDependencies:
    fsevents "~2.3.2"

source-map-js@^1.0.2:
  version "1.0.2"
  resolved "https://registry.yarnpkg.com/source-map-js/-/source-map-js-1.0.2.tgz#adbc361d9c62df380125e7f161f71c826f1e490c"
  integrity sha512-R0XvVJ9WusLiqTCEiGCmICCMplcCkIwwR11mOSD9CR5u+IXYdiseeEuXCVAjS54zqwkLcPNnmU4OeJ6tUrWhDw==

supports-preserve-symlinks-flag@^1.0.0:
  version "1.0.0"
  resolved "https://registry.yarnpkg.com/supports-preserve-symlinks-flag/-/supports-preserve-symlinks-flag-1.0.0.tgz#6eda4bd344a3c94aea376d4cc31bc77311039e09"
  integrity sha512-ot0WnXS9fgdkgIcePe6RHNk1WA8+muPa6cSjeR3V8K27q9BB1rTE3R1p7Hv0z1ZyAc8s6Vvv8DIyWf681MAt0w==

three@^0.134.0:
  version "0.134.0"
  resolved "https://registry.yarnpkg.com/three/-/three-0.134.0.tgz#d7ad4d85d050da0861bf39749b06ddfb5f17157f"
  integrity sha512-LbBerg7GaSPjYtTOnu41AMp7tV6efUNR3p4Wk5NzkSsNTBuA5mDGOfwwZL1jhhVMLx9V20HolIUo0+U3AXehbg==

vite@^2.9.5:
  version "2.9.5"
  resolved "https://registry.yarnpkg.com/vite/-/vite-2.9.5.tgz#08ef37ac7a6d879c96f328b791732c9a00ea25ea"
  integrity sha512-dvMN64X2YEQgSXF1lYabKXw3BbN6e+BL67+P3Vy4MacnY+UzT1AfkHiioFSi9+uiDUiaDy7Ax/LQqivk6orilg==
  dependencies:
    esbuild "^0.14.27"
    postcss "^8.4.12"
    resolve "^1.22.0"
    rollup "^2.59.0"
  optionalDependencies:
    fsevents "~2.3.2"
